// !$*UTF8*$!
{
	archiveVersion = 1;
	classes = {
	};
	objectVersion = 50;
	objects = {

/* Begin PBXBuildFile section */
		A143FA8521B058B00090D2F8 /* PagedResponse.swift in Sources */ = {isa = PBXBuildFile; fileRef = A143FA8421B058B00090D2F8 /* PagedResponse.swift */; };
		A143FA8721B05BC50090D2F8 /* Reservation.swift in Sources */ = {isa = PBXBuildFile; fileRef = A143FA8621B05BC50090D2F8 /* Reservation.swift */; };
		A143FA8921B097880090D2F8 /* ReservationTask.swift in Sources */ = {isa = PBXBuildFile; fileRef = A143FA8821B097880090D2F8 /* ReservationTask.swift */; };
		A171FA3621AF032B0055BAE1 /* OAuthResponse.swift in Sources */ = {isa = PBXBuildFile; fileRef = A171FA3521AF032B0055BAE1 /* OAuthResponse.swift */; };
		A171FA3821AF0A960055BAE1 /* ErrorResponse.swift in Sources */ = {isa = PBXBuildFile; fileRef = A171FA3721AF0A960055BAE1 /* ErrorResponse.swift */; };
		A171FA3B21AF16010055BAE1 /* WebToken.swift in Sources */ = {isa = PBXBuildFile; fileRef = A171FA3A21AF16010055BAE1 /* WebToken.swift */; };
		A171FA3D21AF19A80055BAE1 /* WebTokenTests.swift in Sources */ = {isa = PBXBuildFile; fileRef = A171FA3C21AF19A80055BAE1 /* WebTokenTests.swift */; };
		A171FA3F21AF2AF80055BAE1 /* StringExtensions.swift in Sources */ = {isa = PBXBuildFile; fileRef = A171FA3E21AF2AF80055BAE1 /* StringExtensions.swift */; };
		A1891D2B21AE4B4E00BD7803 /* KeyprApi.framework in Frameworks */ = {isa = PBXBuildFile; fileRef = A1891D2121AE4B4E00BD7803 /* KeyprApi.framework */; };
		A1891D3021AE4B4E00BD7803 /* KeyprApiTests.swift in Sources */ = {isa = PBXBuildFile; fileRef = A1891D2F21AE4B4E00BD7803 /* KeyprApiTests.swift */; };
		A1891D3221AE4B4E00BD7803 /* KeyprApi.h in Headers */ = {isa = PBXBuildFile; fileRef = A1891D2421AE4B4E00BD7803 /* KeyprApi.h */; settings = {ATTRIBUTES = (Public, ); }; };
		A1891D3C21AE4EEF00BD7803 /* KeyprApi.swift in Sources */ = {isa = PBXBuildFile; fileRef = A1891D3B21AE4EEF00BD7803 /* KeyprApi.swift */; };
		A1B63AAD21B1A89D002A5421 /* DataResponse.swift in Sources */ = {isa = PBXBuildFile; fileRef = A1B63AAC21B1A89D002A5421 /* DataResponse.swift */; };
/* End PBXBuildFile section */

/* Begin PBXContainerItemProxy section */
		A1891D2C21AE4B4E00BD7803 /* PBXContainerItemProxy */ = {
			isa = PBXContainerItemProxy;
			containerPortal = A1891D1821AE4B4E00BD7803 /* Project object */;
			proxyType = 1;
			remoteGlobalIDString = A1891D2021AE4B4E00BD7803;
			remoteInfo = KeyprApi;
		};
/* End PBXContainerItemProxy section */

/* Begin PBXFileReference section */
		A143FA8421B058B00090D2F8 /* PagedResponse.swift */ = {isa = PBXFileReference; lastKnownFileType = sourcecode.swift; path = PagedResponse.swift; sourceTree = "<group>"; };
		A143FA8621B05BC50090D2F8 /* Reservation.swift */ = {isa = PBXFileReference; lastKnownFileType = sourcecode.swift; path = Reservation.swift; sourceTree = "<group>"; };
		A143FA8821B097880090D2F8 /* ReservationTask.swift */ = {isa = PBXFileReference; lastKnownFileType = sourcecode.swift; path = ReservationTask.swift; sourceTree = "<group>"; };
		A171FA3521AF032B0055BAE1 /* OAuthResponse.swift */ = {isa = PBXFileReference; lastKnownFileType = sourcecode.swift; path = OAuthResponse.swift; sourceTree = "<group>"; };
		A171FA3721AF0A960055BAE1 /* ErrorResponse.swift */ = {isa = PBXFileReference; lastKnownFileType = sourcecode.swift; path = ErrorResponse.swift; sourceTree = "<group>"; };
		A171FA3A21AF16010055BAE1 /* WebToken.swift */ = {isa = PBXFileReference; lastKnownFileType = sourcecode.swift; path = WebToken.swift; sourceTree = "<group>"; };
		A171FA3C21AF19A80055BAE1 /* WebTokenTests.swift */ = {isa = PBXFileReference; lastKnownFileType = sourcecode.swift; path = WebTokenTests.swift; sourceTree = "<group>"; };
		A171FA3E21AF2AF80055BAE1 /* StringExtensions.swift */ = {isa = PBXFileReference; lastKnownFileType = sourcecode.swift; path = StringExtensions.swift; sourceTree = "<group>"; };
		A1891D2121AE4B4E00BD7803 /* KeyprApi.framework */ = {isa = PBXFileReference; explicitFileType = wrapper.framework; includeInIndex = 0; path = KeyprApi.framework; sourceTree = BUILT_PRODUCTS_DIR; };
		A1891D2421AE4B4E00BD7803 /* KeyprApi.h */ = {isa = PBXFileReference; lastKnownFileType = sourcecode.c.h; path = KeyprApi.h; sourceTree = "<group>"; };
		A1891D2521AE4B4E00BD7803 /* Info.plist */ = {isa = PBXFileReference; lastKnownFileType = text.plist.xml; path = Info.plist; sourceTree = "<group>"; };
		A1891D2A21AE4B4E00BD7803 /* KeyprApiTests.xctest */ = {isa = PBXFileReference; explicitFileType = wrapper.cfbundle; includeInIndex = 0; path = KeyprApiTests.xctest; sourceTree = BUILT_PRODUCTS_DIR; };
		A1891D2F21AE4B4E00BD7803 /* KeyprApiTests.swift */ = {isa = PBXFileReference; lastKnownFileType = sourcecode.swift; path = KeyprApiTests.swift; sourceTree = "<group>"; };
		A1891D3121AE4B4E00BD7803 /* Info.plist */ = {isa = PBXFileReference; lastKnownFileType = text.plist.xml; path = Info.plist; sourceTree = "<group>"; };
		A1891D3B21AE4EEF00BD7803 /* KeyprApi.swift */ = {isa = PBXFileReference; lastKnownFileType = sourcecode.swift; path = KeyprApi.swift; sourceTree = "<group>"; };
		A1B63AAC21B1A89D002A5421 /* DataResponse.swift */ = {isa = PBXFileReference; lastKnownFileType = sourcecode.swift; path = DataResponse.swift; sourceTree = "<group>"; };
/* End PBXFileReference section */

/* Begin PBXFrameworksBuildPhase section */
		A1891D1E21AE4B4E00BD7803 /* Frameworks */ = {
			isa = PBXFrameworksBuildPhase;
			buildActionMask = 2147483647;
			files = (
			);
			runOnlyForDeploymentPostprocessing = 0;
		};
		A1891D2721AE4B4E00BD7803 /* Frameworks */ = {
			isa = PBXFrameworksBuildPhase;
			buildActionMask = 2147483647;
			files = (
				A1891D2B21AE4B4E00BD7803 /* KeyprApi.framework in Frameworks */,
			);
			runOnlyForDeploymentPostprocessing = 0;
		};
/* End PBXFrameworksBuildPhase section */

/* Begin PBXGroup section */
		A171FA3421AF030D0055BAE1 /* Responses */ = {
			isa = PBXGroup;
			children = (
				A171FA3521AF032B0055BAE1 /* OAuthResponse.swift */,
				A171FA3721AF0A960055BAE1 /* ErrorResponse.swift */,
				A143FA8421B058B00090D2F8 /* PagedResponse.swift */,
				A143FA8621B05BC50090D2F8 /* Reservation.swift */,
				A143FA8821B097880090D2F8 /* ReservationTask.swift */,
			);
			path = Responses;
			sourceTree = "<group>";
		};
		A171FA3921AF15F70055BAE1 /* Helpers */ = {
			isa = PBXGroup;
			children = (
				A171FA3A21AF16010055BAE1 /* WebToken.swift */,
				A171FA3E21AF2AF80055BAE1 /* StringExtensions.swift */,
				A1B63AAC21B1A89D002A5421 /* DataResponse.swift */,
			);
			path = Helpers;
			sourceTree = "<group>";
		};
		A1891D1721AE4B4E00BD7803 = {
			isa = PBXGroup;
			children = (
				A1891D2321AE4B4E00BD7803 /* KeyprApi */,
				A1891D2E21AE4B4E00BD7803 /* KeyprApiTests */,
				A1891D2221AE4B4E00BD7803 /* Products */,
				A1A5509D21AEA6B2004CE09C /* Frameworks */,
			);
			sourceTree = "<group>";
		};
		A1891D2221AE4B4E00BD7803 /* Products */ = {
			isa = PBXGroup;
			children = (
				A1891D2121AE4B4E00BD7803 /* KeyprApi.framework */,
				A1891D2A21AE4B4E00BD7803 /* KeyprApiTests.xctest */,
			);
			name = Products;
			sourceTree = "<group>";
		};
		A1891D2321AE4B4E00BD7803 /* KeyprApi */ = {
			isa = PBXGroup;
			children = (
				A171FA3921AF15F70055BAE1 /* Helpers */,
				A171FA3421AF030D0055BAE1 /* Responses */,
				A1891D2421AE4B4E00BD7803 /* KeyprApi.h */,
				A1891D2521AE4B4E00BD7803 /* Info.plist */,
				A1891D3B21AE4EEF00BD7803 /* KeyprApi.swift */,
			);
			path = KeyprApi;
			sourceTree = "<group>";
		};
		A1891D2E21AE4B4E00BD7803 /* KeyprApiTests */ = {
			isa = PBXGroup;
			children = (
				A1891D2F21AE4B4E00BD7803 /* KeyprApiTests.swift */,
				A171FA3C21AF19A80055BAE1 /* WebTokenTests.swift */,
				A1891D3121AE4B4E00BD7803 /* Info.plist */,
			);
			path = KeyprApiTests;
			sourceTree = "<group>";
		};
		A1A5509D21AEA6B2004CE09C /* Frameworks */ = {
			isa = PBXGroup;
			children = (
			);
			name = Frameworks;
			sourceTree = "<group>";
		};
/* End PBXGroup section */

/* Begin PBXHeadersBuildPhase section */
		A1891D1C21AE4B4E00BD7803 /* Headers */ = {
			isa = PBXHeadersBuildPhase;
			buildActionMask = 2147483647;
			files = (
				A1891D3221AE4B4E00BD7803 /* KeyprApi.h in Headers */,
			);
			runOnlyForDeploymentPostprocessing = 0;
		};
/* End PBXHeadersBuildPhase section */

/* Begin PBXNativeTarget section */
		A1891D2021AE4B4E00BD7803 /* KeyprApi */ = {
			isa = PBXNativeTarget;
			buildConfigurationList = A1891D3521AE4B4E00BD7803 /* Build configuration list for PBXNativeTarget "KeyprApi" */;
			buildPhases = (
				A1891D1C21AE4B4E00BD7803 /* Headers */,
				A1891D1D21AE4B4E00BD7803 /* Sources */,
				A1891D1E21AE4B4E00BD7803 /* Frameworks */,
				A1891D1F21AE4B4E00BD7803 /* Resources */,
			);
			buildRules = (
			);
			dependencies = (
			);
			name = KeyprApi;
			productName = KeyprApi;
			productReference = A1891D2121AE4B4E00BD7803 /* KeyprApi.framework */;
			productType = "com.apple.product-type.framework";
		};
		A1891D2921AE4B4E00BD7803 /* KeyprApiTests */ = {
			isa = PBXNativeTarget;
			buildConfigurationList = A1891D3821AE4B4E00BD7803 /* Build configuration list for PBXNativeTarget "KeyprApiTests" */;
			buildPhases = (
				A1891D2621AE4B4E00BD7803 /* Sources */,
				A1891D2721AE4B4E00BD7803 /* Frameworks */,
				A1891D2821AE4B4E00BD7803 /* Resources */,
			);
			buildRules = (
			);
			dependencies = (
				A1891D2D21AE4B4E00BD7803 /* PBXTargetDependency */,
			);
			name = KeyprApiTests;
			productName = KeyprApiTests;
			productReference = A1891D2A21AE4B4E00BD7803 /* KeyprApiTests.xctest */;
			productType = "com.apple.product-type.bundle.unit-test";
		};
/* End PBXNativeTarget section */

/* Begin PBXProject section */
		A1891D1821AE4B4E00BD7803 /* Project object */ = {
			isa = PBXProject;
			attributes = {
				LastSwiftUpdateCheck = 1010;
				LastUpgradeCheck = 1010;
				ORGANIZATIONNAME = "Nicholas Mata";
				TargetAttributes = {
					A1891D2021AE4B4E00BD7803 = {
						CreatedOnToolsVersion = 10.1;
						LastSwiftMigration = 1010;
					};
					A1891D2921AE4B4E00BD7803 = {
						CreatedOnToolsVersion = 10.1;
					};
				};
			};
			buildConfigurationList = A1891D1B21AE4B4E00BD7803 /* Build configuration list for PBXProject "KeyprApi" */;
			compatibilityVersion = "Xcode 9.3";
			developmentRegion = en;
			hasScannedForEncodings = 0;
			knownRegions = (
				en,
			);
			mainGroup = A1891D1721AE4B4E00BD7803;
			productRefGroup = A1891D2221AE4B4E00BD7803 /* Products */;
			projectDirPath = "";
			projectRoot = "";
			targets = (
				A1891D2021AE4B4E00BD7803 /* KeyprApi */,
				A1891D2921AE4B4E00BD7803 /* KeyprApiTests */,
			);
		};
/* End PBXProject section */

/* Begin PBXResourcesBuildPhase section */
		A1891D1F21AE4B4E00BD7803 /* Resources */ = {
			isa = PBXResourcesBuildPhase;
			buildActionMask = 2147483647;
			files = (
			);
			runOnlyForDeploymentPostprocessing = 0;
		};
		A1891D2821AE4B4E00BD7803 /* Resources */ = {
			isa = PBXResourcesBuildPhase;
			buildActionMask = 2147483647;
			files = (
			);
			runOnlyForDeploymentPostprocessing = 0;
		};
/* End PBXResourcesBuildPhase section */

/* Begin PBXSourcesBuildPhase section */
		A1891D1D21AE4B4E00BD7803 /* Sources */ = {
			isa = PBXSourcesBuildPhase;
			buildActionMask = 2147483647;
			files = (
				A143FA8921B097880090D2F8 /* ReservationTask.swift in Sources */,
				A171FA3B21AF16010055BAE1 /* WebToken.swift in Sources */,
				A171FA3821AF0A960055BAE1 /* ErrorResponse.swift in Sources */,
				A1891D3C21AE4EEF00BD7803 /* KeyprApi.swift in Sources */,
				A1B63AAD21B1A89D002A5421 /* DataResponse.swift in Sources */,
				A171FA3621AF032B0055BAE1 /* OAuthResponse.swift in Sources */,
				A143FA8521B058B00090D2F8 /* PagedResponse.swift in Sources */,
				A143FA8721B05BC50090D2F8 /* Reservation.swift in Sources */,
				A171FA3F21AF2AF80055BAE1 /* StringExtensions.swift in Sources */,
			);
			runOnlyForDeploymentPostprocessing = 0;
		};
		A1891D2621AE4B4E00BD7803 /* Sources */ = {
			isa = PBXSourcesBuildPhase;
			buildActionMask = 2147483647;
			files = (
				A171FA3D21AF19A80055BAE1 /* WebTokenTests.swift in Sources */,
				A1891D3021AE4B4E00BD7803 /* KeyprApiTests.swift in Sources */,
			);
			runOnlyForDeploymentPostprocessing = 0;
		};
/* End PBXSourcesBuildPhase section */

/* Begin PBXTargetDependency section */
		A1891D2D21AE4B4E00BD7803 /* PBXTargetDependency */ = {
			isa = PBXTargetDependency;
			target = A1891D2021AE4B4E00BD7803 /* KeyprApi */;
			targetProxy = A1891D2C21AE4B4E00BD7803 /* PBXContainerItemProxy */;
		};
/* End PBXTargetDependency section */

/* Begin XCBuildConfiguration section */
		A1891D3321AE4B4E00BD7803 /* Debug */ = {
			isa = XCBuildConfiguration;
			buildSettings = {
				ALWAYS_SEARCH_USER_PATHS = NO;
				CLANG_ANALYZER_NONNULL = YES;
				CLANG_ANALYZER_NUMBER_OBJECT_CONVERSION = YES_AGGRESSIVE;
				CLANG_CXX_LANGUAGE_STANDARD = "gnu++14";
				CLANG_CXX_LIBRARY = "libc++";
				CLANG_ENABLE_MODULES = YES;
				CLANG_ENABLE_OBJC_ARC = YES;
				CLANG_ENABLE_OBJC_WEAK = YES;
				CLANG_WARN_BLOCK_CAPTURE_AUTORELEASING = YES;
				CLANG_WARN_BOOL_CONVERSION = YES;
				CLANG_WARN_COMMA = YES;
				CLANG_WARN_CONSTANT_CONVERSION = YES;
				CLANG_WARN_DEPRECATED_OBJC_IMPLEMENTATIONS = YES;
				CLANG_WARN_DIRECT_OBJC_ISA_USAGE = YES_ERROR;
				CLANG_WARN_DOCUMENTATION_COMMENTS = YES;
				CLANG_WARN_EMPTY_BODY = YES;
				CLANG_WARN_ENUM_CONVERSION = YES;
				CLANG_WARN_INFINITE_RECURSION = YES;
				CLANG_WARN_INT_CONVERSION = YES;
				CLANG_WARN_NON_LITERAL_NULL_CONVERSION = YES;
				CLANG_WARN_OBJC_IMPLICIT_RETAIN_SELF = YES;
				CLANG_WARN_OBJC_LITERAL_CONVERSION = YES;
				CLANG_WARN_OBJC_ROOT_CLASS = YES_ERROR;
				CLANG_WARN_RANGE_LOOP_ANALYSIS = YES;
				CLANG_WARN_STRICT_PROTOTYPES = YES;
				CLANG_WARN_SUSPICIOUS_MOVE = YES;
				CLANG_WARN_UNGUARDED_AVAILABILITY = YES_AGGRESSIVE;
				CLANG_WARN_UNREACHABLE_CODE = YES;
				CLANG_WARN__DUPLICATE_METHOD_MATCH = YES;
				CODE_SIGN_IDENTITY = "iPhone Developer";
				COPY_PHASE_STRIP = NO;
				CURRENT_PROJECT_VERSION = 1;
				DEBUG_INFORMATION_FORMAT = dwarf;
				ENABLE_STRICT_OBJC_MSGSEND = YES;
				ENABLE_TESTABILITY = YES;
				GCC_C_LANGUAGE_STANDARD = gnu11;
				GCC_DYNAMIC_NO_PIC = NO;
				GCC_NO_COMMON_BLOCKS = YES;
				GCC_OPTIMIZATION_LEVEL = 0;
				GCC_PREPROCESSOR_DEFINITIONS = (
					"DEBUG=1",
					"$(inherited)",
				);
				GCC_WARN_64_TO_32_BIT_CONVERSION = YES;
				GCC_WARN_ABOUT_RETURN_TYPE = YES_ERROR;
				GCC_WARN_UNDECLARED_SELECTOR = YES;
				GCC_WARN_UNINITIALIZED_AUTOS = YES_AGGRESSIVE;
				GCC_WARN_UNUSED_FUNCTION = YES;
				GCC_WARN_UNUSED_VARIABLE = YES;
				IPHONEOS_DEPLOYMENT_TARGET = 9.0;
				MTL_ENABLE_DEBUG_INFO = INCLUDE_SOURCE;
				MTL_FAST_MATH = YES;
				ONLY_ACTIVE_ARCH = YES;
				SDKROOT = iphoneos;
				SWIFT_ACTIVE_COMPILATION_CONDITIONS = DEBUG;
				SWIFT_OPTIMIZATION_LEVEL = "-Onone";
				VERSIONING_SYSTEM = "apple-generic";
				VERSION_INFO_PREFIX = "";
			};
			name = Debug;
		};
		A1891D3421AE4B4E00BD7803 /* Release */ = {
			isa = XCBuildConfiguration;
			buildSettings = {
				ALWAYS_SEARCH_USER_PATHS = NO;
				CLANG_ANALYZER_NONNULL = YES;
				CLANG_ANALYZER_NUMBER_OBJECT_CONVERSION = YES_AGGRESSIVE;
				CLANG_CXX_LANGUAGE_STANDARD = "gnu++14";
				CLANG_CXX_LIBRARY = "libc++";
				CLANG_ENABLE_MODULES = YES;
				CLANG_ENABLE_OBJC_ARC = YES;
				CLANG_ENABLE_OBJC_WEAK = YES;
				CLANG_WARN_BLOCK_CAPTURE_AUTORELEASING = YES;
				CLANG_WARN_BOOL_CONVERSION = YES;
				CLANG_WARN_COMMA = YES;
				CLANG_WARN_CONSTANT_CONVERSION = YES;
				CLANG_WARN_DEPRECATED_OBJC_IMPLEMENTATIONS = YES;
				CLANG_WARN_DIRECT_OBJC_ISA_USAGE = YES_ERROR;
				CLANG_WARN_DOCUMENTATION_COMMENTS = YES;
				CLANG_WARN_EMPTY_BODY = YES;
				CLANG_WARN_ENUM_CONVERSION = YES;
				CLANG_WARN_INFINITE_RECURSION = YES;
				CLANG_WARN_INT_CONVERSION = YES;
				CLANG_WARN_NON_LITERAL_NULL_CONVERSION = YES;
				CLANG_WARN_OBJC_IMPLICIT_RETAIN_SELF = YES;
				CLANG_WARN_OBJC_LITERAL_CONVERSION = YES;
				CLANG_WARN_OBJC_ROOT_CLASS = YES_ERROR;
				CLANG_WARN_RANGE_LOOP_ANALYSIS = YES;
				CLANG_WARN_STRICT_PROTOTYPES = YES;
				CLANG_WARN_SUSPICIOUS_MOVE = YES;
				CLANG_WARN_UNGUARDED_AVAILABILITY = YES_AGGRESSIVE;
				CLANG_WARN_UNREACHABLE_CODE = YES;
				CLANG_WARN__DUPLICATE_METHOD_MATCH = YES;
				CODE_SIGN_IDENTITY = "iPhone Developer";
				COPY_PHASE_STRIP = NO;
				CURRENT_PROJECT_VERSION = 1;
				DEBUG_INFORMATION_FORMAT = "dwarf-with-dsym";
				ENABLE_NS_ASSERTIONS = NO;
				ENABLE_STRICT_OBJC_MSGSEND = YES;
				GCC_C_LANGUAGE_STANDARD = gnu11;
				GCC_NO_COMMON_BLOCKS = YES;
				GCC_WARN_64_TO_32_BIT_CONVERSION = YES;
				GCC_WARN_ABOUT_RETURN_TYPE = YES_ERROR;
				GCC_WARN_UNDECLARED_SELECTOR = YES;
				GCC_WARN_UNINITIALIZED_AUTOS = YES_AGGRESSIVE;
				GCC_WARN_UNUSED_FUNCTION = YES;
				GCC_WARN_UNUSED_VARIABLE = YES;
				IPHONEOS_DEPLOYMENT_TARGET = 9.0;
				MTL_ENABLE_DEBUG_INFO = NO;
				MTL_FAST_MATH = YES;
				SDKROOT = iphoneos;
				SWIFT_COMPILATION_MODE = wholemodule;
				SWIFT_OPTIMIZATION_LEVEL = "-O";
				VALIDATE_PRODUCT = YES;
				VERSIONING_SYSTEM = "apple-generic";
				VERSION_INFO_PREFIX = "";
			};
			name = Release;
		};
		A1891D3621AE4B4E00BD7803 /* Debug */ = {
			isa = XCBuildConfiguration;
			buildSettings = {
				CLANG_ENABLE_MODULES = YES;
				CODE_SIGN_IDENTITY = "";
				CODE_SIGN_STYLE = Automatic;
				DEFINES_MODULE = YES;
				DEVELOPMENT_TEAM = 72NH26LUXP;
				DYLIB_COMPATIBILITY_VERSION = 1;
				DYLIB_CURRENT_VERSION = 1;
				DYLIB_INSTALL_NAME_BASE = "@rpath";
				FRAMEWORK_SEARCH_PATHS = "$(inherited)";
				INFOPLIST_FILE = KeyprApi/Info.plist;
				INSTALL_PATH = "$(LOCAL_LIBRARY_DIR)/Frameworks";
				IPHONEOS_DEPLOYMENT_TARGET = 9.0;
				LD_RUNPATH_SEARCH_PATHS = (
					"$(inherited)",
					"@executable_path/Frameworks",
					"@loader_path/Frameworks",
				);
				PRODUCT_BUNDLE_IDENTIFIER = com.matadesigns.KeyprApi;
				PRODUCT_NAME = "$(TARGET_NAME:c99extidentifier)";
				SKIP_INSTALL = YES;
				SWIFT_OPTIMIZATION_LEVEL = "-Onone";
				SWIFT_VERSION = 4.2;
				TARGETED_DEVICE_FAMILY = "1,2";
			};
			name = Debug;
		};
		A1891D3721AE4B4E00BD7803 /* Release */ = {
			isa = XCBuildConfiguration;
			buildSettings = {
				CLANG_ENABLE_MODULES = YES;
				CODE_SIGN_IDENTITY = "";
				CODE_SIGN_STYLE = Automatic;
				DEFINES_MODULE = YES;
				DEVELOPMENT_TEAM = 72NH26LUXP;
				DYLIB_COMPATIBILITY_VERSION = 1;
				DYLIB_CURRENT_VERSION = 1;
				DYLIB_INSTALL_NAME_BASE = "@rpath";
				FRAMEWORK_SEARCH_PATHS = "$(inherited)";
				INFOPLIST_FILE = KeyprApi/Info.plist;
				INSTALL_PATH = "$(LOCAL_LIBRARY_DIR)/Frameworks";
				IPHONEOS_DEPLOYMENT_TARGET = 9.0;
				LD_RUNPATH_SEARCH_PATHS = (
					"$(inherited)",
					"@executable_path/Frameworks",
					"@loader_path/Frameworks",
				);
				PRODUCT_BUNDLE_IDENTIFIER = com.matadesigns.KeyprApi;
				PRODUCT_NAME = "$(TARGET_NAME:c99extidentifier)";
				SKIP_INSTALL = YES;
				SWIFT_VERSION = 4.2;
				TARGETED_DEVICE_FAMILY = "1,2";
			};
			name = Release;
		};
		A1891D3921AE4B4E00BD7803 /* Debug */ = {
			isa = XCBuildConfiguration;
			buildSettings = {
				ALWAYS_EMBED_SWIFT_STANDARD_LIBRARIES = YES;
				CODE_SIGN_STYLE = Automatic;
				DEVELOPMENT_TEAM = 72NH26LUXP;
				INFOPLIST_FILE = KeyprApiTests/Info.plist;
				LD_RUNPATH_SEARCH_PATHS = (
					"$(inherited)",
					"@executable_path/Frameworks",
					"@loader_path/Frameworks",
				);
				PRODUCT_BUNDLE_IDENTIFIER = com.matadesigns.KeyprApiTests;
				PRODUCT_NAME = "$(TARGET_NAME)";
				SWIFT_VERSION = 4.2;
				TARGETED_DEVICE_FAMILY = "1,2";
			};
			name = Debug;
		};
		A1891D3A21AE4B4E00BD7803 /* Release */ = {
			isa = XCBuildConfiguration;
			buildSettings = {
				ALWAYS_EMBED_SWIFT_STANDARD_LIBRARIES = YES;
				CODE_SIGN_STYLE = Automatic;
				DEVELOPMENT_TEAM = 72NH26LUXP;
				INFOPLIST_FILE = KeyprApiTests/Info.plist;
				LD_RUNPATH_SEARCH_PATHS = (
					"$(inherited)",
					"@executable_path/Frameworks",
					"@loader_path/Frameworks",
				);
				PRODUCT_BUNDLE_IDENTIFIER = com.matadesigns.KeyprApiTests;
				PRODUCT_NAME = "$(TARGET_NAME)";
				SWIFT_VERSION = 4.2;
				TARGETED_DEVICE_FAMILY = "1,2";
			};
			name = Release;
		};
/* End XCBuildConfiguration section */

/* Begin XCConfigurationList section */
		A1891D1B21AE4B4E00BD7803 /* Build configuration list for PBXProject "KeyprApi" */ = {
			isa = XCConfigurationList;
			buildConfigurations = (
				A1891D3321AE4B4E00BD7803 /* Debug */,
				A1891D3421AE4B4E00BD7803 /* Release */,
			);
			defaultConfigurationIsVisible = 0;
			defaultConfigurationName = Release;
		};
		A1891D3521AE4B4E00BD7803 /* Build configuration list for PBXNativeTarget "KeyprApi" */ = {
			isa = XCConfigurationList;
			buildConfigurations = (
				A1891D3621AE4B4E00BD7803 /* Debug */,
				A1891D3721AE4B4E00BD7803 /* Release */,
			);
			defaultConfigurationIsVisible = 0;
			defaultConfigurationName = Release;
		};
		A1891D3821AE4B4E00BD7803 /* Build configuration list for PBXNativeTarget "KeyprApiTests" */ = {
			isa = XCConfigurationList;
			buildConfigurations = (
				A1891D3921AE4B4E00BD7803 /* Debug */,
				A1891D3A21AE4B4E00BD7803 /* Release */,
			);
			defaultConfigurationIsVisible = 0;
			defaultConfigurationName = Release;
		};
/* End XCConfigurationList section */
	};
	rootObject = A1891D1821AE4B4E00BD7803 /* Project object */;
}
